# This file is machine-generated by `gh actions-lock`.
# Do not edit by hand; run `gh actions-lock` to update.
# Docs: https://gh.io/actions-lockfile
version: 'v0.0.2'
workflows:
    '.github/workflows/codeql.yml':
        - 'actions/checkout@9c091bb21b7c1c1d1991bb908d89e4e9dddfe3e0'
        - 'github/codeql-action@7188fc363630916deb702c7fdcf4e481b751f97a'
    '.github/workflows/main-estate-audit.yml':
        - 'actions/checkout@11d5960a326750d5838078e36cf38b85af677262'
        - 'hyperpolymath/cicd-suite@5a10b72e574ef63855fafd4568a4c178657f3294'
    '.github/workflows/pages.yml':
        - 'actions/checkout@11d5960a326750d5838078e36cf38b85af677262'
        - 'actions/deploy-pages@d6db90164ac5ed86f2b6aed7e0febac5b3c0c03e'
        - 'actions/upload-pages-artifact@56afc609e74202658d3ffba0e8f6dda462b719fa'
    '.github/workflows/push-email-notify.yml':
        - 'hyperpolymath/smtp-notify-action@ede1191ef6ff3ac02c4f4d9efdf837ee517e11d7'
dependencies:
    'actions/checkout@11d5960a326750d5838078e36cf38b85af677262':
        ref: 'v4.4.0'
        commit: 'sha1-11d5960a326750d5838078e36cf38b85af677262'
        owner_id: 44036562
        repo_id: 197814629
    'actions/checkout@9c091bb21b7c1c1d1991bb908d89e4e9dddfe3e0':
        ref: 'v7.0.0'
        commit: 'sha1-9c091bb21b7c1c1d1991bb908d89e4e9dddfe3e0'
        owner_id: 44036562
        repo_id: 197814629
    'actions/deploy-pages@d6db90164ac5ed86f2b6aed7e0febac5b3c0c03e':
        ref: 'v4.0.5'
        commit: 'sha1-d6db90164ac5ed86f2b6aed7e0febac5b3c0c03e'
        owner_id: 44036562
        repo_id: 438112499
    'actions/upload-artifact@v4':
        ref: 'v4'
        commit: 'sha1-ea165f8d65b6e75b540449e92b4886f43607fa02'
        owner_id: 44036562
        repo_id: 192625955
    'actions/upload-pages-artifact@56afc609e74202658d3ffba0e8f6dda462b719fa':
        ref: 'v3.0.1'
        commit: 'sha1-56afc609e74202658d3ffba0e8f6dda462b719fa'
        owner_id: 44036562
        repo_id: 496012378
        uses:
            - 'actions/upload-artifact@v4'
    'github/codeql-action@7188fc363630916deb702c7fdcf4e481b751f97a':
        ref: 'v4.37.1'
        commit: 'sha1-7188fc363630916deb702c7fdcf4e481b751f97a'
        owner_id: 9919
        repo_id: 259445878
    'hyperpolymath/cicd-suite@5a10b72e574ef63855fafd4568a4c178657f3294':
        ref: 'main'
        commit: 'sha1-5a10b72e574ef63855fafd4568a4c178657f3294'
        owner_id: 6759885
        repo_id: 1326697643
        uses:
            - 'hyperpolymath/deed-ecosystem@f9d999b60cb5f383679ea19912bcdc49c944973a'
            - 'hyperpolymath/k9-ecosystem@2155aa26a21758f2ba119f61bc7e0e1981c106fb'
    'hyperpolymath/deed-ecosystem@f9d999b60cb5f383679ea19912bcdc49c944973a':
        ref: 'main'
        commit: 'sha1-f9d999b60cb5f383679ea19912bcdc49c944973a'
        owner_id: 6759885
        repo_id: 1275649586
    'hyperpolymath/k9-ecosystem@2155aa26a21758f2ba119f61bc7e0e1981c106fb':
        ref: 'main'
        commit: 'sha1-2155aa26a21758f2ba119f61bc7e0e1981c106fb'
        owner_id: 6759885
        repo_id: 1275650185
    'hyperpolymath/smtp-notify-action@ede1191ef6ff3ac02c4f4d9efdf837ee517e11d7':
        ref: 'v0.2.0'
        commit: 'sha1-ede1191ef6ff3ac02c4f4d9efdf837ee517e11d7'
        owner_id: 6759885
        repo_id: 1352485172
